<?xml version="1.0" encoding="utf-8"?>
<Project ToolsVersion="4.0" xmlns="http://schemas.microsoft.com/developer/msbuild/2003">
  <ItemGroup>
    <Filter Include="Source">
      <UniqueIdentifier>{4FC737F1-C7A5-4376-A066-2A32D752A2FF}</UniqueIdentifier>
      <Extensions>cpp;c;cc;cxx;def;odl;idl;hpj;bat;asm;asmx</Extensions>
    </Filter>
    <Filter Include="Header">
      <UniqueIdentifier>{93995380-89BD-4b04-88EB-625FBE52EBFB}</UniqueIdentifier>
      <Extensions>h;hh;hpp;hxx;hm;inl;inc;xsd</Extensions>
    </Filter>
    <Filter Include="Resource">
      <UniqueIdentifier>{67DA6AB6-F800-4c08-8B7A-83BB121AAD01}</UniqueIdentifier>
      <Extensions>
        rc;ico;cur;bmp;dlg;rc2;rct;bin;rgs;gif;jpg;jpeg;jpe;resx;tiff;tif;png;wav;mfcribbon-ms</Extensions>
    </Filter>
  </ItemGroup>
  <ItemGroup>
    <ClCompile Include="src\Global.cpp">
      <Filter>Source</Filter>
    </ClCompile>
    <ClCompile Include="src\CommandLine.cpp">
      <Filter>Source</Filter>
    </ClCompile>
    <ClCompile Include="src\License.cpp">
      <Filter>Source</Filter>
    </ClCompile>
    <ClCompile Include="src\StatusBar.cpp">
      <Filter>Source</Filter>
    </ClCompile>
    <ClCompile Include="src\Dialog.cpp">
      <Filter>Source</Filter>
    </ClCompile>
    <ClCompile Include="src\Help.cpp">
      <Filter>Source</Filter>
    </ClCompile>
    <ClCompile Include="src\HostResolver.cpp">
      <Filter>Source</Filter>
    </ClCompile>
    <ClCompile Include="src\Main.cpp">
      <Filter>Source</Filter>
    </ClCompile>
    <ClCompile Include="src\IcmpIO.cpp">
      <Filter>Source</Filter>
    </ClCompile>
    <ClCompile Include="src\HopStatistics.cpp">
      <Filter>Source</Filter>
    </ClCompile>
    <ClCompile Include="src\TraceEngine.cpp">
      <Filter>Source</Filter>
    </ClCompile>
    <ClCompile Include="src\Options.cpp">
      <Filter>Source</Filter>
    </ClCompile>
    <ClCompile Include="src\Properties.cpp">
      <Filter>Source</Filter>
    </ClCompile>
    <ClCompile Include="src\Reporter.cpp">
      <Filter>Source</Filter>
    </ClCompile>
    <ClCompile Include="src\Settings.cpp">
      <Filter>Source</Filter>
    </ClCompile>
    <ClCompile Include="src\StartTraceUseCase.cpp">
      <Filter>Source</Filter>
    </ClCompile>
    <ClCompile Include="src\LRUStore.cpp">
      <Filter>Source</Filter>
    </ClCompile>
    <ClCompile Include="src\DialogLayout.cpp">
      <Filter>Source</Filter>
    </ClCompile>
    <ClCompile Include="src\HostComboModel.cpp">
      <Filter>Source</Filter>
    </ClCompile>
    <ClCompile Include="src\TraceConfigState.cpp">
      <Filter>Source</Filter>
    </ClCompile>
    <ClCompile Include="src\TraceListView.cpp">
      <Filter>Source</Filter>
    </ClCompile>
    <ClCompile Include="src\TraceSessionController.cpp">
      <Filter>Source</Filter>
    </ClCompile>
  </ItemGroup>
  <ItemGroup>
    <ClInclude Include="src\CommandLine.h">
      <Filter>Header</Filter>
    </ClInclude>
    <ClInclude Include="src\CommandLineOverrides.h">
      <Filter>Header</Filter>
    </ClInclude>
    <ClInclude Include="src\StartTraceUseCase.h">
      <Filter>Header</Filter>
    </ClInclude>
    <ClInclude Include="src\TraceOptions.h">
      <Filter>Header</Filter>
    </ClInclude>
    <ClInclude Include="src\License.h">
      <Filter>Header</Filter>
    </ClInclude>
    <ClInclude Include="src\StatusBar.h">
      <Filter>Header</Filter>
    </ClInclude>
    <ClInclude Include="resources\resource.h">
      <Filter>Header</Filter>
    </ClInclude>
    <ClInclude Include="src\Dialog.h">
      <Filter>Header</Filter>
    </ClInclude>
    <ClInclude Include="src\Global.h">
      <Filter>Header</Filter>
    </ClInclude>
    <ClInclude Include="src\Help.h">
      <Filter>Header</Filter>
    </ClInclude>
    <ClInclude Include="src\MtrColumns.h">
      <Filter>Header</Filter>
    </ClInclude>
    <ClInclude Include="src\TraceConfig.h">
      <Filter>Header</Filter>
    </ClInclude>
    <ClInclude Include="src\Version.h">
      <Filter>Header</Filter>
    </ClInclude>
    <ClInclude Include="src\HostResolver.h">
      <Filter>Header</Filter>
    </ClInclude>
    <ClInclude Include="src\Main.h">
      <Filter>Header</Filter>
    </ClInclude>
    <ClInclude Include="src\IcmpIO.h">
      <Filter>Header</Filter>
    </ClInclude>
    <ClInclude Include="src\HopStatistics.h">
      <Filter>Header</Filter>
    </ClInclude>
    <ClInclude Include="src\TraceEngine.h">
      <Filter>Header</Filter>
    </ClInclude>
    <ClInclude Include="src\Options.h">
      <Filter>Header</Filter>
    </ClInclude>
    <ClInclude Include="src\Properties.h">
      <Filter>Header</Filter>
    </ClInclude>
    <ClInclude Include="src\Reporter.h">
      <Filter>Header</Filter>
    </ClInclude>
    <ClInclude Include="src\Settings.h">
      <Filter>Header</Filter>
    </ClInclude>
    <ClInclude Include="src\LRUStore.h">
      <Filter>Header</Filter>
    </ClInclude>
    <ClInclude Include="src\DialogLayout.h">
      <Filter>Header</Filter>
    </ClInclude>
    <ClInclude Include="src\HostComboModel.h">
      <Filter>Header</Filter>
    </ClInclude>
    <ClInclude Include="src\SessionView.h">
      <Filter>Header</Filter>
    </ClInclude>
    <ClInclude Include="src\TraceConfigState.h">
      <Filter>Header</Filter>
    </ClInclude>
    <ClInclude Include="src\TraceListView.h">
      <Filter>Header</Filter>
    </ClInclude>
    <ClInclude Include="src\TraceSessionController.h">
      <Filter>Header</Filter>
    </ClInclude>
  </ItemGroup>
  <ItemGroup>
    <ResourceCompile Include="resources\WinMTR.rc">
      <Filter>Resource</Filter>
    </ResourceCompile>
  </ItemGroup>
  <ItemGroup>
    <CustomBuild Include="resources\WinMTR.ico">
      <Filter>Resource</Filter>
    </CustomBuild>
  </ItemGroup>
</Project>